
Microsoft Visual Studio Solution File, Format Version 12.00
# Visual Studio Version 16
VisualStudioVersion = 16.0.29306.81
MinimumVisualStudioVersion = 10.0.40219.1
Project("{FAE04EC0-301F-11D3-BF4B-00C04F79EFBC}") = "CapaDatos", "CapaDatos\CapaDatos.csproj", "{B0048FD9-7853-4B2C-95ED-B0A7305D99E6}"
EndProject
Project("{FAE04EC0-301F-11D3-BF4B-00C04F79EFBC}") = "CapaNegocio", "CapaNegocio\CapaNegocio.csproj", "{5776A463-461B-47FB-B112-9E28C8523D03}"
EndProject
Project("{FAE04EC0-301F-11D3-BF4B-00C04F79EFBC}") = "CapaVista", "CapaVista\CapaVista.csproj", "{9522D6BF-74C8-4597-91BA-19104E97975C}"
EndProject
Global
	GlobalSection(SolutionConfigurationPlatforms) = preSolution
		Debug|Any CPU = Debug|Any CPU
		Release|Any CPU = Release|Any CPU
	EndGlobalSection
	GlobalSection(ProjectConfigurationPlatforms) = postSolution
		{B0048FD9-7853-4B2C-95ED-B0A7305D99E6}.Debug|Any CPU.ActiveCfg = Debug|Any CPU
		{B0048FD9-7853-4B2C-95ED-B0A7305D99E6}.Debug|Any CPU.Build.0 = Debug|Any CPU
		{B0048FD9-7853-4B2C-95ED-B0A7305D99E6}.Release|Any CPU.ActiveCfg = Release|Any CPU
		{B0048FD9-7853-4B2C-95ED-B0A7305D99E6}.Release|Any CPU.Build.0 = Release|Any CPU
		{5776A463-461B-47FB-B112-9E28C8523D03}.Debug|Any CPU.ActiveCfg = Debug|Any CPU
		{5776A463-461B-47FB-B112-9E28C8523D03}.Debug|Any CPU.Build.0 = Debug|Any CPU
		{5776A463-461B-47FB-B112-9E28C8523D03}.Release|Any CPU.ActiveCfg = Release|Any CPU
		{5776A463-461B-47FB-B112-9E28C8523D03}.Release|Any CPU.Build.0 = Release|Any CPU
		{9522D6BF-74C8-4597-91BA-19104E97975C}.Debug|Any CPU.ActiveCfg = Debug|Any CPU
		{9522D6BF-74C8-4597-91BA-19104E97975C}.Debug|Any CPU.Build.0 = Debug|Any CPU
		{9522D6BF-74C8-4597-91BA-19104E97975C}.Release|Any CPU.ActiveCfg = Release|Any CPU
		{9522D6BF-74C8-4597-91BA-19104E97975C}.Release|Any CPU.Build.0 = Release|Any CPU
	EndGlobalSection
	GlobalSection(SolutionProperties) = preSolution
		HideSolutionNode = FALSE
	EndGlobalSection
	GlobalSection(ExtensibilityGlobals) = postSolution
		SolutionGuid = {A5FB6FD0-91B4-4E53-AD4D-ACDC5973A52C}
	EndGlobalSection
EndGlobal
